{
  "name": "atob-utf-8",
  "version": "1.0.0",
  "lockfileVersion": 2,
  "requires": true,
  "packages": {
    "": {
      "name": "atob-utf-8",
      "version": "1.0.0",
      "license": "MIT",
      "bin": {
        "atob": "bin/atob.js"
      },
      "engines": {
        "node": ">= 8.0.0"
      }
    }
  }
}
